
Microsoft Visual Studio Solution File, Format Version 12.00
# Visual Studio Version 17
VisualStudioVersion = 17.2.32630.192
MinimumVisualStudioVersion = 10.0.40219.1
Project("{FAE04EC0-301F-11D3-BF4B-00C04F79EFBC}") = "ClassRoomWebApi", "ClassRoomWebApi\ClassRoomWebApi.csproj", "{F3E0BFC7-D154-4E02-894F-007BC8D8DC68}"
EndProject
Global
	GlobalSection(SolutionConfigurationPlatforms) = preSolution
		Debug|Any CPU = Debug|Any CPU
		Release|Any CPU = Release|Any CPU
	EndGlobalSection
	GlobalSection(ProjectConfigurationPlatforms) = postSolution
		{F3E0BFC7-D154-4E02-894F-007BC8D8DC68}.Debug|Any CPU.ActiveCfg = Debug|Any CPU
		{F3E0BFC7-D154-4E02-894F-007BC8D8DC68}.Debug|Any CPU.Build.0 = Debug|Any CPU
		{F3E0BFC7-D154-4E02-894F-007BC8D8DC68}.Release|Any CPU.ActiveCfg = Release|Any CPU
		{F3E0BFC7-D154-4E02-894F-007BC8D8DC68}.Release|Any CPU.Build.0 = Release|Any CPU
	EndGlobalSection
	GlobalSection(SolutionProperties) = preSolution
		HideSolutionNode = FALSE
	EndGlobalSection
	GlobalSection(ExtensibilityGlobals) = postSolution
		SolutionGuid = {C8AC7869-0DE8-43B0-8C41-33DEE1762394}
	EndGlobalSection
EndGlobal
